<?xml version="1.0" encoding="UTF-8" standalone="yes" ?>
<CodeBlocks_project_file>
	<FileVersion major="1" minor="6" />
	<Project>
		<Option title="vjezba7" />
		<Option pch_mode="2" />
		<Option compiler="gcc" />
		<Build>
			<Target title="Debug">
				<Option output="bin/Debug/vjezba7" prefix_auto="1" extension_auto="1" />
				<Option object_output="obj/Debug/" />
				<Option type="1" />
				<Option compiler="gcc" />
				<Compiler>
					<Add option="-g" />
					<Add directory="include" />
				</Compiler>
			</Target>
			<Target title="Release">
				<Option output="bin/Release/vjezba7" prefix_auto="1" extension_auto="1" />
				<Option object_output="obj/Release/" />
				<Option type="1" />
				<Option compiler="gcc" />
				<Compiler>
					<Add option="-O2" />
					<Add directory="include" />
				</Compiler>
				<Linker>
					<Add option="-s" />
				</Linker>
			</Target>
		</Build>
		<Compiler>
			<Add option="-Wall" />
		</Compiler>
		<Unit filename="Aircraft.cpp" />
		<Unit filename="Aircraft.h" />
		<Unit filename="Brojac.cpp" />
		<Unit filename="Brojac.h" />
		<Unit filename="Catamaran.cpp" />
		<Unit filename="Catamaran.h" />
		<Unit filename="Ferry.cpp" />
		<Unit filename="Ferry.h" />
		<Unit filename="Seaplane.cpp" />
		<Unit filename="Seaplane.h" />
		<Unit filename="Vehicle.cpp" />
		<Unit filename="Vehicle.h" />
		<Unit filename="Watercraft.cpp" />
		<Unit filename="Watercraft.h" />
		<Unit filename="main.cpp" />
		<Extensions>
			<code_completion />
			<envvars />
			<debugger />
			<lib_finder disable_auto="1" />
		</Extensions>
	</Project>
</CodeBlocks_project_file>
